PODS:
  - AFNetworking (3.1.0):
    - AFNetworking/NSURLSession (= 3.1.0)
    - AFNetworking/Reachability (= 3.1.0)
    - AFNetworking/Security (= 3.1.0)
    - AFNetworking/Serialization (= 3.1.0)
    - AFNetworking/UIKit (= 3.1.0)
  - AFNetworking/NSURLSession (3.1.0):
    - AFNetworking/Reachability
    - AFNetworking/Security
    - AFNetworking/Serialization
  - AFNetworking/Reachability (3.1.0)
  - AFNetworking/Security (3.1.0)
  - AFNetworking/Serialization (3.1.0)
  - AFNetworking/UIKit (3.1.0):
    - AFNetworking/NSURLSession
  - IQKeyboardManager (3.3.7)
  - MJExtension (3.0.13)
  - MJRefresh (3.1.12)
  - SDWebImage (3.7.6):
    - SDWebImage/Core (= 3.7.6)
  - SDWebImage/Core (3.7.6)
  - SnapKit (3.1.2)
  - SVProgressHUD (2.1.1)

DEPENDENCIES:
  - AFNetworking
  - IQKeyboardManager (~> 3.3.4)
  - MJExtension (~> 3.0.7)
  - MJRefresh
  - SDWebImage (~> 3.7.3)
  - SnapKit (~> 3.1.2)
  - SVProgressHUD

SPEC CHECKSUMS:
  AFNetworking: 5e0e199f73d8626b11e79750991f5d173d1f8b67
  IQKeyboardManager: 249c3946acf61345c18b038eb50863fe2793e3a8
  MJExtension: 5932755f451458eefa24239358817f8d291240c7
  MJRefresh: b96cdb21c4aa75a7b07654311ab2f315c497e806
  SDWebImage: c325cf02c30337336b95beff20a13df489ec0ec9
  SnapKit: 12b24f569cb7c143acc9c22b9d91b23e7b1c84a2
  SVProgressHUD: 1127180503b9a308ddf7006f3cc58fc05cc1092d

PODFILE CHECKSUM: 158202d57bddb175bd5908d8ba87789b102cd594

COCOAPODS: 1.1.1
