// !$*UTF8*$!
{
	archiveVersion = 1;
	classes = {
	};
	objectVersion = 46;
	objects = {

/* Begin PBXBuildFile section */
		652F9AA056F1AC472455E3F3 /* Pods_LingTouNiaoSwift.framework in Frameworks */ = {isa = PBXBuildFile; fileRef = 3E97CACC9214089DA5676410 /* Pods_LingTouNiaoSwift.framework */; };
		E101F1D11E111ABC0049A513 /* AppDelegate.swift in Sources */ = {isa = PBXBuildFile; fileRef = E101F1D01E111ABC0049A513 /* AppDelegate.swift */; };
		E101F1D81E111ABC0049A513 /* Assets.xcassets in Resources */ = {isa = PBXBuildFile; fileRef = E101F1D71E111ABC0049A513 /* Assets.xcassets */; };
		E101F1E61E111ABC0049A513 /* LingTouNiaoSwiftTests.swift in Sources */ = {isa = PBXBuildFile; fileRef = E101F1E51E111ABC0049A513 /* LingTouNiaoSwiftTests.swift */; };
		E101F1F11E111ABC0049A513 /* LingTouNiaoSwiftUITests.swift in Sources */ = {isa = PBXBuildFile; fileRef = E101F1F01E111ABC0049A513 /* LingTouNiaoSwiftUITests.swift */; };
		E101F1FF1E120EEA0049A513 /* BaseViewController.swift in Sources */ = {isa = PBXBuildFile; fileRef = E101F1FE1E120EEA0049A513 /* BaseViewController.swift */; };
		E101F2011E120F310049A513 /* BaseNavigationController.swift in Sources */ = {isa = PBXBuildFile; fileRef = E101F2001E120F310049A513 /* BaseNavigationController.swift */; };
		E101F2051E120FEE0049A513 /* GlobalAppearance.swift in Sources */ = {isa = PBXBuildFile; fileRef = E101F2041E120FEE0049A513 /* GlobalAppearance.swift */; };
		E101F20B1E12163C0049A513 /* UIColor+HexColor.swift in Sources */ = {isa = PBXBuildFile; fileRef = E101F20A1E12163C0049A513 /* UIColor+HexColor.swift */; };
		E101F20D1E127AC30049A513 /* UIImage+Common.swift in Sources */ = {isa = PBXBuildFile; fileRef = E101F20C1E127AC30049A513 /* UIImage+Common.swift */; };
		E101F20F1E138C6D0049A513 /* GlobalSize.swift in Sources */ = {isa = PBXBuildFile; fileRef = E101F20E1E138C6D0049A513 /* GlobalSize.swift */; };
		E101F2111E14B1710049A513 /* UIBarButtonItem+ClearBackground.swift in Sources */ = {isa = PBXBuildFile; fileRef = E101F2101E14B1710049A513 /* UIBarButtonItem+ClearBackground.swift */; };
		E101F2191E14B96D0049A513 /* HomeRootController.swift in Sources */ = {isa = PBXBuildFile; fileRef = E101F2181E14B96D0049A513 /* HomeRootController.swift */; };
		E101F21D1E14BEC60049A513 /* LoginController.swift in Sources */ = {isa = PBXBuildFile; fileRef = E101F21C1E14BEC60049A513 /* LoginController.swift */; };
		E101F2221E14C2740049A513 /* CustomTextField.swift in Sources */ = {isa = PBXBuildFile; fileRef = E101F2211E14C2740049A513 /* CustomTextField.swift */; };
		E105F4851E4C2165006D3D0D /* AgreeView.swift in Sources */ = {isa = PBXBuildFile; fileRef = E105F4841E4C2165006D3D0D /* AgreeView.swift */; };
		E105F4891E51AE14006D3D0D /* CurrentUser.swift in Sources */ = {isa = PBXBuildFile; fileRef = E105F4881E51AE14006D3D0D /* CurrentUser.swift */; };
		E105F48B1E52AC29006D3D0D /* UINavigationController+FinishBlock.swift in Sources */ = {isa = PBXBuildFile; fileRef = E105F48A1E52AC29006D3D0D /* UINavigationController+FinishBlock.swift */; };
		E105F48E1E52DB09006D3D0D /* PresentTransition.swift in Sources */ = {isa = PBXBuildFile; fileRef = E105F48D1E52DB09006D3D0D /* PresentTransition.swift */; };
		E105F4901E52DB3B006D3D0D /* UINavigationController+PresentTransition.swift in Sources */ = {isa = PBXBuildFile; fileRef = E105F48F1E52DB3B006D3D0D /* UINavigationController+PresentTransition.swift */; };
		E11BFBA51E16018B00732980 /* CustomerizedFont.swift in Sources */ = {isa = PBXBuildFile; fileRef = E11BFBA41E16018B00732980 /* CustomerizedFont.swift */; };
		E11BFBA71E162DAE00732980 /* UIView+Frame.swift in Sources */ = {isa = PBXBuildFile; fileRef = E11BFBA61E162DAE00732980 /* UIView+Frame.swift */; };
		E11BFBAA1E1661BF00732980 /* ControllersManager.swift in Sources */ = {isa = PBXBuildFile; fileRef = E11BFBA91E1661BF00732980 /* ControllersManager.swift */; };
		E11BFBAD1E1668DB00732980 /* GlobalManager.swift in Sources */ = {isa = PBXBuildFile; fileRef = E11BFBAC1E1668DB00732980 /* GlobalManager.swift */; };
		E11BFBB01E1B49B800732980 /* RegisterController.swift in Sources */ = {isa = PBXBuildFile; fileRef = E11BFBAF1E1B49B800732980 /* RegisterController.swift */; };
		E11BFBB51E1B71FE00732980 /* ProgectRootController.swift in Sources */ = {isa = PBXBuildFile; fileRef = E11BFBB41E1B71FE00732980 /* ProgectRootController.swift */; };
		E11BFBC41E1B73DB00732980 /* AccountRootController.swift in Sources */ = {isa = PBXBuildFile; fileRef = E11BFBC31E1B73DB00732980 /* AccountRootController.swift */; };
		E11BFBC81E1B743B00732980 /* DiscoverRootController.swift in Sources */ = {isa = PBXBuildFile; fileRef = E11BFBC71E1B743B00732980 /* DiscoverRootController.swift */; };
		E11BFBCA1E1B745500732980 /* InvestmentRootController.swift in Sources */ = {isa = PBXBuildFile; fileRef = E11BFBC91E1B745500732980 /* InvestmentRootController.swift */; };
		E147B02F1E1CC7B100CCB8BB /* LoginView.swift in Sources */ = {isa = PBXBuildFile; fileRef = E147B02E1E1CC7B100CCB8BB /* LoginView.swift */; };
		E17BD5F51E53FEF700275E7D /* ProductListCell.swift in Sources */ = {isa = PBXBuildFile; fileRef = E17BD5F41E53FEF700275E7D /* ProductListCell.swift */; };
		E17BD5F71E53FF6D00275E7D /* BaseProductListCell.swift in Sources */ = {isa = PBXBuildFile; fileRef = E17BD5F61E53FF6D00275E7D /* BaseProductListCell.swift */; };
		E17BD5F91E5403D400275E7D /* BaseModel.swift in Sources */ = {isa = PBXBuildFile; fileRef = E17BD5F81E5403D400275E7D /* BaseModel.swift */; };
		E17BD5FB1E5403ED00275E7D /* ProductModel.swift in Sources */ = {isa = PBXBuildFile; fileRef = E17BD5FA1E5403ED00275E7D /* ProductModel.swift */; };
		E17BD5FD1E54236A00275E7D /* UserModel.swift in Sources */ = {isa = PBXBuildFile; fileRef = E17BD5FC1E54236A00275E7D /* UserModel.swift */; };
		E17BD5FF1E5423B000275E7D /* UserInfoModel.swift in Sources */ = {isa = PBXBuildFile; fileRef = E17BD5FE1E5423B000275E7D /* UserInfoModel.swift */; };
		E17BD6011E5423BD00275E7D /* AccountInfoModel.swift in Sources */ = {isa = PBXBuildFile; fileRef = E17BD6001E5423BD00275E7D /* AccountInfoModel.swift */; };
		E17BD6061E543A8F00275E7D /* ProductListModel.swift in Sources */ = {isa = PBXBuildFile; fileRef = E17BD6051E543A8F00275E7D /* ProductListModel.swift */; };
		E17BD6081E54739700275E7D /* BarProgressView.swift in Sources */ = {isa = PBXBuildFile; fileRef = E17BD6071E54739700275E7D /* BarProgressView.swift */; };
		E17BD60C1E558E9900275E7D /* BaseDto.swift in Sources */ = {isa = PBXBuildFile; fileRef = E17BD60B1E558E9900275E7D /* BaseDto.swift */; };
		E17BD60F1E56FE6200275E7D /* HomeLoanCell.swift in Sources */ = {isa = PBXBuildFile; fileRef = E17BD60E1E56FE6200275E7D /* HomeLoanCell.swift */; };
		E17BD6131E5A95A700275E7D /* CrowdfundingCell.swift in Sources */ = {isa = PBXBuildFile; fileRef = E17BD6121E5A95A700275E7D /* CrowdfundingCell.swift */; };
		E17BD6151E5A95B800275E7D /* CooperationCell.swift in Sources */ = {isa = PBXBuildFile; fileRef = E17BD6141E5A95B800275E7D /* CooperationCell.swift */; };
		E17BD6181E5A95F600275E7D /* HomeHeaderView.swift in Sources */ = {isa = PBXBuildFile; fileRef = E17BD6171E5A95F600275E7D /* HomeHeaderView.swift */; };
		E17BD61A1E5A960500275E7D /* HomeSectionHeaderView.swift in Sources */ = {isa = PBXBuildFile; fileRef = E17BD6191E5A960500275E7D /* HomeSectionHeaderView.swift */; };
		E17BD61D1E5AA08200275E7D /* ActionBar.swift in Sources */ = {isa = PBXBuildFile; fileRef = E17BD61C1E5AA08200275E7D /* ActionBar.swift */; };
		E17BD61F1E5AA09500275E7D /* ActionItem.swift in Sources */ = {isa = PBXBuildFile; fileRef = E17BD61E1E5AA09500275E7D /* ActionItem.swift */; };
		E1836C671E2334D900FBB249 /* PasswordView.swift in Sources */ = {isa = PBXBuildFile; fileRef = E1836C661E2334D900FBB249 /* PasswordView.swift */; };
		E1836C691E2334EB00FBB249 /* CaptchaView.swift in Sources */ = {isa = PBXBuildFile; fileRef = E1836C681E2334EB00FBB249 /* CaptchaView.swift */; };
		E1836C6B1E23757C00FBB249 /* UIButton+Common.swift in Sources */ = {isa = PBXBuildFile; fileRef = E1836C6A1E23757C00FBB249 /* UIButton+Common.swift */; };
		E1836C6D1E23844400FBB249 /* CustomButton.swift in Sources */ = {isa = PBXBuildFile; fileRef = E1836C6C1E23844400FBB249 /* CustomButton.swift */; };
		E193B6641E5AE0640033D229 /* String+Attributes.swift in Sources */ = {isa = PBXBuildFile; fileRef = E193B6631E5AE0640033D229 /* String+Attributes.swift */; };
		E193B6901E5C3FE60033D229 /* CooperationModel.swift in Sources */ = {isa = PBXBuildFile; fileRef = E193B68F1E5C3FE60033D229 /* CooperationModel.swift */; };
		E193B6921E5C40100033D229 /* HomeBannerCell.swift in Sources */ = {isa = PBXBuildFile; fileRef = E193B6911E5C40100033D229 /* HomeBannerCell.swift */; };
		E193B6941E5C40230033D229 /* HomeDivisionCell.swift in Sources */ = {isa = PBXBuildFile; fileRef = E193B6931E5C40230033D229 /* HomeDivisionCell.swift */; };
		E1C6A73E1E2C9EA400EE405A /* NetAPIManager.swift in Sources */ = {isa = PBXBuildFile; fileRef = E1C6A73D1E2C9EA400EE405A /* NetAPIManager.swift */; };
		E1C6A7561E2DFC1000EE405A /* Contrstants.swift in Sources */ = {isa = PBXBuildFile; fileRef = E1C6A7551E2DFC1000EE405A /* Contrstants.swift */; };
		E1C6A75B1E2E0BBA00EE405A /* APIUrlConstants.swift in Sources */ = {isa = PBXBuildFile; fileRef = E1C6A75A1E2E0BBA00EE405A /* APIUrlConstants.swift */; };
		E1C6A75D1E2E100400EE405A /* String+Common.swift in Sources */ = {isa = PBXBuildFile; fileRef = E1C6A75C1E2E100400EE405A /* String+Common.swift */; };
		E1C6A75F1E2E25B800EE405A /* NSObject+Common.swift in Sources */ = {isa = PBXBuildFile; fileRef = E1C6A75E1E2E25B800EE405A /* NSObject+Common.swift */; };
		E1C6A76F1E34919100EE405A /* RegisterView.swift in Sources */ = {isa = PBXBuildFile; fileRef = E1C6A76E1E34919100EE405A /* RegisterView.swift */; };
		E1C6A7711E349D1100EE405A /* String+Check.swift in Sources */ = {isa = PBXBuildFile; fileRef = E1C6A7701E349D1100EE405A /* String+Check.swift */; };
		E1C6A7761E35E63900EE405A /* LoginModel.swift in Sources */ = {isa = PBXBuildFile; fileRef = E1C6A7751E35E63900EE405A /* LoginModel.swift */; };
		E1F977B81E49B212001864A3 /* RegisterModel.swift in Sources */ = {isa = PBXBuildFile; fileRef = E1F977B71E49B212001864A3 /* RegisterModel.swift */; };
/* End PBXBuildFile section */

/* Begin PBXContainerItemProxy section */
		E101F1E21E111ABC0049A513 /* PBXContainerItemProxy */ = {
			isa = PBXContainerItemProxy;
			containerPortal = E101F1C51E111ABC0049A513 /* Project object */;
			proxyType = 1;
			remoteGlobalIDString = E101F1CC1E111ABC0049A513;
			remoteInfo = LingTouNiaoSwift;
		};
		E101F1ED1E111ABC0049A513 /* PBXContainerItemProxy */ = {
			isa = PBXContainerItemProxy;
			containerPortal = E101F1C51E111ABC0049A513 /* Project object */;
			proxyType = 1;
			remoteGlobalIDString = E101F1CC1E111ABC0049A513;
			remoteInfo = LingTouNiaoSwift;
		};
/* End PBXContainerItemProxy section */

/* Begin PBXFileReference section */
		2212BC831452389BAE2191E1 /* Pods-LingTouNiaoSwift.release.xcconfig */ = {isa = PBXFileReference; includeInIndex = 1; lastKnownFileType = text.xcconfig; name = "Pods-LingTouNiaoSwift.release.xcconfig"; path = "Pods/Target Support Files/Pods-LingTouNiaoSwift/Pods-LingTouNiaoSwift.release.xcconfig"; sourceTree = "<group>"; };
		3E97CACC9214089DA5676410 /* Pods_LingTouNiaoSwift.framework */ = {isa = PBXFileReference; explicitFileType = wrapper.framework; includeInIndex = 0; path = Pods_LingTouNiaoSwift.framework; sourceTree = BUILT_PRODUCTS_DIR; };
		5ACBD28F368E908037859D7A /* Pods-LingTouNiaoSwift.debug.xcconfig */ = {isa = PBXFileReference; includeInIndex = 1; lastKnownFileType = text.xcconfig; name = "Pods-LingTouNiaoSwift.debug.xcconfig"; path = "Pods/Target Support Files/Pods-LingTouNiaoSwift/Pods-LingTouNiaoSwift.debug.xcconfig"; sourceTree = "<group>"; };
		E101F1CD1E111ABC0049A513 /* LingTouNiaoSwift.app */ = {isa = PBXFileReference; explicitFileType = wrapper.application; includeInIndex = 0; path = LingTouNiaoSwift.app; sourceTree = BUILT_PRODUCTS_DIR; };
		E101F1D01E111ABC0049A513 /* AppDelegate.swift */ = {isa = PBXFileReference; lastKnownFileType = sourcecode.swift; path = AppDelegate.swift; sourceTree = "<group>"; };
		E101F1D71E111ABC0049A513 /* Assets.xcassets */ = {isa = PBXFileReference; lastKnownFileType = folder.assetcatalog; path = Assets.xcassets; sourceTree = "<group>"; };
		E101F1DC1E111ABC0049A513 /* Info.plist */ = {isa = PBXFileReference; lastKnownFileType = text.plist.xml; path = Info.plist; sourceTree = "<group>"; };
		E101F1E11E111ABC0049A513 /* LingTouNiaoSwiftTests.xctest */ = {isa = PBXFileReference; explicitFileType = wrapper.cfbundle; includeInIndex = 0; path = LingTouNiaoSwiftTests.xctest; sourceTree = BUILT_PRODUCTS_DIR; };
		E101F1E51E111ABC0049A513 /* LingTouNiaoSwiftTests.swift */ = {isa = PBXFileReference; lastKnownFileType = sourcecode.swift; path = LingTouNiaoSwiftTests.swift; sourceTree = "<group>"; };
		E101F1E71E111ABC0049A513 /* Info.plist */ = {isa = PBXFileReference; lastKnownFileType = text.plist.xml; path = Info.plist; sourceTree = "<group>"; };
		E101F1EC1E111ABC0049A513 /* LingTouNiaoSwiftUITests.xctest */ = {isa = PBXFileReference; explicitFileType = wrapper.cfbundle; includeInIndex = 0; path = LingTouNiaoSwiftUITests.xctest; sourceTree = BUILT_PRODUCTS_DIR; };
		E101F1F01E111ABC0049A513 /* LingTouNiaoSwiftUITests.swift */ = {isa = PBXFileReference; lastKnownFileType = sourcecode.swift; path = LingTouNiaoSwiftUITests.swift; sourceTree = "<group>"; };
		E101F1F21E111ABC0049A513 /* Info.plist */ = {isa = PBXFileReference; lastKnownFileType = text.plist.xml; path = Info.plist; sourceTree = "<group>"; };
		E101F1FE1E120EEA0049A513 /* BaseViewController.swift */ = {isa = PBXFileReference; fileEncoding = 4; lastKnownFileType = sourcecode.swift; path = BaseViewController.swift; sourceTree = "<group>"; };
		E101F2001E120F310049A513 /* BaseNavigationController.swift */ = {isa = PBXFileReference; fileEncoding = 4; lastKnownFileType = sourcecode.swift; path = BaseNavigationController.swift; sourceTree = "<group>"; };
		E101F2041E120FEE0049A513 /* GlobalAppearance.swift */ = {isa = PBXFileReference; fileEncoding = 4; lastKnownFileType = sourcecode.swift; path = GlobalAppearance.swift; sourceTree = "<group>"; };
		E101F20A1E12163C0049A513 /* UIColor+HexColor.swift */ = {isa = PBXFileReference; fileEncoding = 4; lastKnownFileType = sourcecode.swift; path = "UIColor+HexColor.swift"; sourceTree = "<group>"; };
		E101F20C1E127AC30049A513 /* UIImage+Common.swift */ = {isa = PBXFileReference; fileEncoding = 4; lastKnownFileType = sourcecode.swift; path = "UIImage+Common.swift"; sourceTree = "<group>"; };
		E101F20E1E138C6D0049A513 /* GlobalSize.swift */ = {isa = PBXFileReference; fileEncoding = 4; lastKnownFileType = sourcecode.swift; path = GlobalSize.swift; sourceTree = "<group>"; };
		E101F2101E14B1710049A513 /* UIBarButtonItem+ClearBackground.swift */ = {isa = PBXFileReference; fileEncoding = 4; lastKnownFileType = sourcecode.swift; path = "UIBarButtonItem+ClearBackground.swift"; sourceTree = "<group>"; };
		E101F2181E14B96D0049A513 /* HomeRootController.swift */ = {isa = PBXFileReference; fileEncoding = 4; lastKnownFileType = sourcecode.swift; path = HomeRootController.swift; sourceTree = "<group>"; };
		E101F21C1E14BEC60049A513 /* LoginController.swift */ = {isa = PBXFileReference; fileEncoding = 4; lastKnownFileType = sourcecode.swift; path = LoginController.swift; sourceTree = "<group>"; };
		E101F2211E14C2740049A513 /* CustomTextField.swift */ = {isa = PBXFileReference; fileEncoding = 4; lastKnownFileType = sourcecode.swift; path = CustomTextField.swift; sourceTree = "<group>"; };
		E105F4841E4C2165006D3D0D /* AgreeView.swift */ = {isa = PBXFileReference; fileEncoding = 4; lastKnownFileType = sourcecode.swift; path = AgreeView.swift; sourceTree = "<group>"; };
		E105F4881E51AE14006D3D0D /* CurrentUser.swift */ = {isa = PBXFileReference; fileEncoding = 4; lastKnownFileType = sourcecode.swift; path = CurrentUser.swift; sourceTree = "<group>"; };
		E105F48A1E52AC29006D3D0D /* UINavigationController+FinishBlock.swift */ = {isa = PBXFileReference; fileEncoding = 4; lastKnownFileType = sourcecode.swift; path = "UINavigationController+FinishBlock.swift"; sourceTree = "<group>"; };
		E105F48D1E52DB09006D3D0D /* PresentTransition.swift */ = {isa = PBXFileReference; fileEncoding = 4; lastKnownFileType = sourcecode.swift; path = PresentTransition.swift; sourceTree = "<group>"; };
		E105F48F1E52DB3B006D3D0D /* UINavigationController+PresentTransition.swift */ = {isa = PBXFileReference; fileEncoding = 4; lastKnownFileType = sourcecode.swift; path = "UINavigationController+PresentTransition.swift"; sourceTree = "<group>"; };
		E11BFBA41E16018B00732980 /* CustomerizedFont.swift */ = {isa = PBXFileReference; fileEncoding = 4; lastKnownFileType = sourcecode.swift; path = CustomerizedFont.swift; sourceTree = "<group>"; };
		E11BFBA61E162DAE00732980 /* UIView+Frame.swift */ = {isa = PBXFileReference; fileEncoding = 4; lastKnownFileType = sourcecode.swift; path = "UIView+Frame.swift"; sourceTree = "<group>"; };
		E11BFBA91E1661BF00732980 /* ControllersManager.swift */ = {isa = PBXFileReference; fileEncoding = 4; lastKnownFileType = sourcecode.swift; path = ControllersManager.swift; sourceTree = "<group>"; };
		E11BFBAC1E1668DB00732980 /* GlobalManager.swift */ = {isa = PBXFileReference; fileEncoding = 4; lastKnownFileType = sourcecode.swift; path = GlobalManager.swift; sourceTree = "<group>"; };
		E11BFBAF1E1B49B800732980 /* RegisterController.swift */ = {isa = PBXFileReference; fileEncoding = 4; lastKnownFileType = sourcecode.swift; path = RegisterController.swift; sourceTree = "<group>"; };
		E11BFBB41E1B71FE00732980 /* ProgectRootController.swift */ = {isa = PBXFileReference; fileEncoding = 4; lastKnownFileType = sourcecode.swift; path = ProgectRootController.swift; sourceTree = "<group>"; };
		E11BFBC31E1B73DB00732980 /* AccountRootController.swift */ = {isa = PBXFileReference; fileEncoding = 4; lastKnownFileType = sourcecode.swift; path = AccountRootController.swift; sourceTree = "<group>"; };
		E11BFBC71E1B743B00732980 /* DiscoverRootController.swift */ = {isa = PBXFileReference; fileEncoding = 4; lastKnownFileType = sourcecode.swift; path = DiscoverRootController.swift; sourceTree = "<group>"; };
		E11BFBC91E1B745500732980 /* InvestmentRootController.swift */ = {isa = PBXFileReference; fileEncoding = 4; lastKnownFileType = sourcecode.swift; path = InvestmentRootController.swift; sourceTree = "<group>"; };
		E147B02E1E1CC7B100CCB8BB /* LoginView.swift */ = {isa = PBXFileReference; fileEncoding = 4; lastKnownFileType = sourcecode.swift; path = LoginView.swift; sourceTree = "<group>"; };
		E17BD5F41E53FEF700275E7D /* ProductListCell.swift */ = {isa = PBXFileReference; fileEncoding = 4; lastKnownFileType = sourcecode.swift; path = ProductListCell.swift; sourceTree = "<group>"; };
		E17BD5F61E53FF6D00275E7D /* BaseProductListCell.swift */ = {isa = PBXFileReference; fileEncoding = 4; lastKnownFileType = sourcecode.swift; path = BaseProductListCell.swift; sourceTree = "<group>"; };
		E17BD5F81E5403D400275E7D /* BaseModel.swift */ = {isa = PBXFileReference; fileEncoding = 4; lastKnownFileType = sourcecode.swift; path = BaseModel.swift; sourceTree = "<group>"; };
		E17BD5FA1E5403ED00275E7D /* ProductModel.swift */ = {isa = PBXFileReference; fileEncoding = 4; lastKnownFileType = sourcecode.swift; path = ProductModel.swift; sourceTree = "<group>"; };
		E17BD5FC1E54236A00275E7D /* UserModel.swift */ = {isa = PBXFileReference; fileEncoding = 4; lastKnownFileType = sourcecode.swift; path = UserModel.swift; sourceTree = "<group>"; };
		E17BD5FE1E5423B000275E7D /* UserInfoModel.swift */ = {isa = PBXFileReference; fileEncoding = 4; lastKnownFileType = sourcecode.swift; path = UserInfoModel.swift; sourceTree = "<group>"; };
		E17BD6001E5423BD00275E7D /* AccountInfoModel.swift */ = {isa = PBXFileReference; fileEncoding = 4; lastKnownFileType = sourcecode.swift; path = AccountInfoModel.swift; sourceTree = "<group>"; };
		E17BD6051E543A8F00275E7D /* ProductListModel.swift */ = {isa = PBXFileReference; fileEncoding = 4; lastKnownFileType = sourcecode.swift; path = ProductListModel.swift; sourceTree = "<group>"; };
		E17BD6071E54739700275E7D /* BarProgressView.swift */ = {isa = PBXFileReference; fileEncoding = 4; lastKnownFileType = sourcecode.swift; path = BarProgressView.swift; sourceTree = "<group>"; };
		E17BD60B1E558E9900275E7D /* BaseDto.swift */ = {isa = PBXFileReference; fileEncoding = 4; lastKnownFileType = sourcecode.swift; path = BaseDto.swift; sourceTree = "<group>"; };
		E17BD60E1E56FE6200275E7D /* HomeLoanCell.swift */ = {isa = PBXFileReference; fileEncoding = 4; lastKnownFileType = sourcecode.swift; path = HomeLoanCell.swift; sourceTree = "<group>"; };
		E17BD6121E5A95A700275E7D /* CrowdfundingCell.swift */ = {isa = PBXFileReference; fileEncoding = 4; lastKnownFileType = sourcecode.swift; path = CrowdfundingCell.swift; sourceTree = "<group>"; };
		E17BD6141E5A95B800275E7D /* CooperationCell.swift */ = {isa = PBXFileReference; fileEncoding = 4; lastKnownFileType = sourcecode.swift; path = CooperationCell.swift; sourceTree = "<group>"; };
		E17BD6171E5A95F600275E7D /* HomeHeaderView.swift */ = {isa = PBXFileReference; fileEncoding = 4; lastKnownFileType = sourcecode.swift; path = HomeHeaderView.swift; sourceTree = "<group>"; };
		E17BD6191E5A960500275E7D /* HomeSectionHeaderView.swift */ = {isa = PBXFileReference; fileEncoding = 4; lastKnownFileType = sourcecode.swift; path = HomeSectionHeaderView.swift; sourceTree = "<group>"; };
		E17BD61C1E5AA08200275E7D /* ActionBar.swift */ = {isa = PBXFileReference; fileEncoding = 4; lastKnownFileType = sourcecode.swift; path = ActionBar.swift; sourceTree = "<group>"; };
		E17BD61E1E5AA09500275E7D /* ActionItem.swift */ = {isa = PBXFileReference; fileEncoding = 4; lastKnownFileType = sourcecode.swift; path = ActionItem.swift; sourceTree = "<group>"; };
		E1836C661E2334D900FBB249 /* PasswordView.swift */ = {isa = PBXFileReference; fileEncoding = 4; lastKnownFileType = sourcecode.swift; path = PasswordView.swift; sourceTree = "<group>"; };
		E1836C681E2334EB00FBB249 /* CaptchaView.swift */ = {isa = PBXFileReference; fileEncoding = 4; lastKnownFileType = sourcecode.swift; path = CaptchaView.swift; sourceTree = "<group>"; };
		E1836C6A1E23757C00FBB249 /* UIButton+Common.swift */ = {isa = PBXFileReference; fileEncoding = 4; lastKnownFileType = sourcecode.swift; path = "UIButton+Common.swift"; sourceTree = "<group>"; };
		E1836C6C1E23844400FBB249 /* CustomButton.swift */ = {isa = PBXFileReference; fileEncoding = 4; lastKnownFileType = sourcecode.swift; path = CustomButton.swift; sourceTree = "<group>"; };
		E193B6631E5AE0640033D229 /* String+Attributes.swift */ = {isa = PBXFileReference; fileEncoding = 4; lastKnownFileType = sourcecode.swift; path = "String+Attributes.swift"; sourceTree = "<group>"; };
		E193B68F1E5C3FE60033D229 /* CooperationModel.swift */ = {isa = PBXFileReference; fileEncoding = 4; lastKnownFileType = sourcecode.swift; path = CooperationModel.swift; sourceTree = "<group>"; };
		E193B6911E5C40100033D229 /* HomeBannerCell.swift */ = {isa = PBXFileReference; fileEncoding = 4; lastKnownFileType = sourcecode.swift; path = HomeBannerCell.swift; sourceTree = "<group>"; };
		E193B6931E5C40230033D229 /* HomeDivisionCell.swift */ = {isa = PBXFileReference; fileEncoding = 4; lastKnownFileType = sourcecode.swift; path = HomeDivisionCell.swift; sourceTree = "<group>"; };
		E1C6A73D1E2C9EA400EE405A /* NetAPIManager.swift */ = {isa = PBXFileReference; fileEncoding = 4; lastKnownFileType = sourcecode.swift; path = NetAPIManager.swift; sourceTree = "<group>"; };
		E1C6A7511E2DF5C100EE405A /* LingTouNiaoSwift-Bridging-Header.h */ = {isa = PBXFileReference; fileEncoding = 4; lastKnownFileType = sourcecode.c.h; path = "LingTouNiaoSwift-Bridging-Header.h"; sourceTree = "<group>"; };
		E1C6A7551E2DFC1000EE405A /* Contrstants.swift */ = {isa = PBXFileReference; fileEncoding = 4; lastKnownFileType = sourcecode.swift; path = Contrstants.swift; sourceTree = "<group>"; };
		E1C6A75A1E2E0BBA00EE405A /* APIUrlConstants.swift */ = {isa = PBXFileReference; fileEncoding = 4; lastKnownFileType = sourcecode.swift; path = APIUrlConstants.swift; sourceTree = "<group>"; };
		E1C6A75C1E2E100400EE405A /* String+Common.swift */ = {isa = PBXFileReference; fileEncoding = 4; lastKnownFileType = sourcecode.swift; path = "String+Common.swift"; sourceTree = "<group>"; };
		E1C6A75E1E2E25B800EE405A /* NSObject+Common.swift */ = {isa = PBXFileReference; fileEncoding = 4; lastKnownFileType = sourcecode.swift; path = "NSObject+Common.swift"; sourceTree = "<group>"; };
		E1C6A76E1E34919100EE405A /* RegisterView.swift */ = {isa = PBXFileReference; fileEncoding = 4; lastKnownFileType = sourcecode.swift; path = RegisterView.swift; sourceTree = "<group>"; };
		E1C6A7701E349D1100EE405A /* String+Check.swift */ = {isa = PBXFileReference; fileEncoding = 4; lastKnownFileType = sourcecode.swift; path = "String+Check.swift"; sourceTree = "<group>"; };
		E1C6A7751E35E63900EE405A /* LoginModel.swift */ = {isa = PBXFileReference; fileEncoding = 4; lastKnownFileType = sourcecode.swift; path = LoginModel.swift; sourceTree = "<group>"; };
		E1F977B71E49B212001864A3 /* RegisterModel.swift */ = {isa = PBXFileReference; fileEncoding = 4; lastKnownFileType = sourcecode.swift; path = RegisterModel.swift; sourceTree = "<group>"; };
/* End PBXFileReference section */

/* Begin PBXFrameworksBuildPhase section */
		E101F1CA1E111ABC0049A513 /* Frameworks */ = {
			isa = PBXFrameworksBuildPhase;
			buildActionMask = 2147483647;
			files = (
				652F9AA056F1AC472455E3F3 /* Pods_LingTouNiaoSwift.framework in Frameworks */,
			);
			runOnlyForDeploymentPostprocessing = 0;
		};
		E101F1DE1E111ABC0049A513 /* Frameworks */ = {
			isa = PBXFrameworksBuildPhase;
			buildActionMask = 2147483647;
			files = (
			);
			runOnlyForDeploymentPostprocessing = 0;
		};
		E101F1E91E111ABC0049A513 /* Frameworks */ = {
			isa = PBXFrameworksBuildPhase;
			buildActionMask = 2147483647;
			files = (
			);
			runOnlyForDeploymentPostprocessing = 0;
		};
/* End PBXFrameworksBuildPhase section */

/* Begin PBXGroup section */
		357D2CA6B5265587693DA503 /* Pods */ = {
			isa = PBXGroup;
			children = (
				5ACBD28F368E908037859D7A /* Pods-LingTouNiaoSwift.debug.xcconfig */,
				2212BC831452389BAE2191E1 /* Pods-LingTouNiaoSwift.release.xcconfig */,
			);
			name = Pods;
			sourceTree = "<group>";
		};
		35CE753F3F0BD4C7D4C0A014 /* Frameworks */ = {
			isa = PBXGroup;
			children = (
				3E97CACC9214089DA5676410 /* Pods_LingTouNiaoSwift.framework */,
			);
			name = Frameworks;
			sourceTree = "<group>";
		};
		E101F1C41E111ABC0049A513 = {
			isa = PBXGroup;
			children = (
				E101F1CF1E111ABC0049A513 /* LingTouNiaoSwift */,
				E101F1E41E111ABC0049A513 /* LingTouNiaoSwiftTests */,
				E101F1EF1E111ABC0049A513 /* LingTouNiaoSwiftUITests */,
				E101F1CE1E111ABC0049A513 /* Products */,
				357D2CA6B5265587693DA503 /* Pods */,
				35CE753F3F0BD4C7D4C0A014 /* Frameworks */,
			);
			sourceTree = "<group>";
		};
		E101F1CE1E111ABC0049A513 /* Products */ = {
			isa = PBXGroup;
			children = (
				E101F1CD1E111ABC0049A513 /* LingTouNiaoSwift.app */,
				E101F1E11E111ABC0049A513 /* LingTouNiaoSwiftTests.xctest */,
				E101F1EC1E111ABC0049A513 /* LingTouNiaoSwiftUITests.xctest */,
			);
			name = Products;
			sourceTree = "<group>";
		};
		E101F1CF1E111ABC0049A513 /* LingTouNiaoSwift */ = {
			isa = PBXGroup;
			children = (
				E101F2141E14B9160049A513 /* Module */,
				E101F2121E14B8780049A513 /* Common */,
				E101F2061E1214E30049A513 /* Extension */,
				E101F1D01E111ABC0049A513 /* AppDelegate.swift */,
				E101F1D71E111ABC0049A513 /* Assets.xcassets */,
				E101F1DC1E111ABC0049A513 /* Info.plist */,
				E1C6A7511E2DF5C100EE405A /* LingTouNiaoSwift-Bridging-Header.h */,
			);
			path = LingTouNiaoSwift;
			sourceTree = "<group>";
		};
		E101F1E41E111ABC0049A513 /* LingTouNiaoSwiftTests */ = {
			isa = PBXGroup;
			children = (
				E101F1E51E111ABC0049A513 /* LingTouNiaoSwiftTests.swift */,
				E101F1E71E111ABC0049A513 /* Info.plist */,
			);
			path = LingTouNiaoSwiftTests;
			sourceTree = "<group>";
		};
		E101F1EF1E111ABC0049A513 /* LingTouNiaoSwiftUITests */ = {
			isa = PBXGroup;
			children = (
				E101F1F01E111ABC0049A513 /* LingTouNiaoSwiftUITests.swift */,
				E101F1F21E111ABC0049A513 /* Info.plist */,
			);
			path = LingTouNiaoSwiftUITests;
			sourceTree = "<group>";
		};
		E101F2021E120F7A0049A513 /* Macros */ = {
			isa = PBXGroup;
			children = (
				E1C6A7551E2DFC1000EE405A /* Contrstants.swift */,
				E101F2041E120FEE0049A513 /* GlobalAppearance.swift */,
				E101F20E1E138C6D0049A513 /* GlobalSize.swift */,
			);
			name = Macros;
			sourceTree = "<group>";
		};
		E101F2061E1214E30049A513 /* Extension */ = {
			isa = PBXGroup;
			children = (
				E105F48C1E52B15E006D3D0D /* PresentTransition */,
				E1C6A73C1E2C9E7E00EE405A /* Tool */,
				E11BFBA81E1661AB00732980 /* Mananger */,
				E11BFBA31E16016D00732980 /* Utility */,
				E101F2071E1214EC0049A513 /* Category */,
				E101F2021E120F7A0049A513 /* Macros */,
			);
			name = Extension;
			sourceTree = "<group>";
		};
		E101F2071E1214EC0049A513 /* Category */ = {
			isa = PBXGroup;
			children = (
				E101F20A1E12163C0049A513 /* UIColor+HexColor.swift */,
				E101F20C1E127AC30049A513 /* UIImage+Common.swift */,
				E101F2101E14B1710049A513 /* UIBarButtonItem+ClearBackground.swift */,
				E11BFBA61E162DAE00732980 /* UIView+Frame.swift */,
				E1836C6A1E23757C00FBB249 /* UIButton+Common.swift */,
				E1C6A75C1E2E100400EE405A /* String+Common.swift */,
				E1C6A75E1E2E25B800EE405A /* NSObject+Common.swift */,
				E1C6A7701E349D1100EE405A /* String+Check.swift */,
				E105F48A1E52AC29006D3D0D /* UINavigationController+FinishBlock.swift */,
			);
			name = Category;
			sourceTree = "<group>";
		};
		E101F2121E14B8780049A513 /* Common */ = {
			isa = PBXGroup;
			children = (
				E105F4861E51ADF7006D3D0D /* Model */,
				E11BFBAB1E1661E200732980 /* Other */,
				E101F21F1E14BF000049A513 /* View */,
				E101F2131E14B87E0049A513 /* Controller */,
			);
			name = Common;
			sourceTree = "<group>";
		};
		E101F2131E14B87E0049A513 /* Controller */ = {
			isa = PBXGroup;
			children = (
				E101F1FE1E120EEA0049A513 /* BaseViewController.swift */,
				E101F2001E120F310049A513 /* BaseNavigationController.swift */,
			);
			name = Controller;
			sourceTree = "<group>";
		};
		E101F2141E14B9160049A513 /* Module */ = {
			isa = PBXGroup;
			children = (
				E101F2151E14B91B0049A513 /* Home */,
				E11BFBB81E1B72A700732980 /* Invest */,
				E11BFBB61E1B722300732980 /* Discover */,
				E11BFBB71E1B725E00732980 /* Mine */,
				E11BFBB31E1B71E600732980 /* Root */,
				E101F21A1E14BE5C0049A513 /* Login */,
			);
			name = Module;
			sourceTree = "<group>";
		};
		E101F2151E14B91B0049A513 /* Home */ = {
			isa = PBXGroup;
			children = (
				E193B68B1E5C3F3F0033D229 /* Model */,
				E17BD5F31E53FDC000275E7D /* View */,
				E11BFBBF1E1B737100732980 /* Controller */,
			);
			name = Home;
			sourceTree = "<group>";
		};
		E101F21A1E14BE5C0049A513 /* Login */ = {
			isa = PBXGroup;
			children = (
				E1C6A73F1E2C9EC200EE405A /* Base */,
				E11BFBAE1E1B499600732980 /* Register */,
				E101F21B1E14BE810049A513 /* Login */,
			);
			name = Login;
			sourceTree = "<group>";
		};
		E101F21B1E14BE810049A513 /* Login */ = {
			isa = PBXGroup;
			children = (
				E1C6A7741E35E62800EE405A /* Model */,
				E101F2201E14BF050049A513 /* View */,
				E101F21E1E14BECC0049A513 /* Controller */,
			);
			name = Login;
			sourceTree = "<group>";
		};
		E101F21E1E14BECC0049A513 /* Controller */ = {
			isa = PBXGroup;
			children = (
				E101F21C1E14BEC60049A513 /* LoginController.swift */,
			);
			name = Controller;
			sourceTree = "<group>";
		};
		E101F21F1E14BF000049A513 /* View */ = {
			isa = PBXGroup;
			children = (
				E101F2211E14C2740049A513 /* CustomTextField.swift */,
				E1836C6C1E23844400FBB249 /* CustomButton.swift */,
			);
			name = View;
			sourceTree = "<group>";
		};
		E101F2201E14BF050049A513 /* View */ = {
			isa = PBXGroup;
			children = (
				E147B02E1E1CC7B100CCB8BB /* LoginView.swift */,
			);
			name = View;
			sourceTree = "<group>";
		};
		E105F4861E51ADF7006D3D0D /* Model */ = {
			isa = PBXGroup;
			children = (
				E17BD6031E54257700275E7D /* UserInfo */,
				E17BD6021E54255C00275E7D /* AccountInfo */,
				E105F4871E51ADFE006D3D0D /* User */,
				E17BD5F81E5403D400275E7D /* BaseModel.swift */,
				E17BD60B1E558E9900275E7D /* BaseDto.swift */,
			);
			name = Model;
			sourceTree = "<group>";
		};
		E105F4871E51ADFE006D3D0D /* User */ = {
			isa = PBXGroup;
			children = (
				E105F4881E51AE14006D3D0D /* CurrentUser.swift */,
				E17BD5FC1E54236A00275E7D /* UserModel.swift */,
			);
			name = User;
			sourceTree = "<group>";
		};
		E105F48C1E52B15E006D3D0D /* PresentTransition */ = {
			isa = PBXGroup;
			children = (
				E105F48D1E52DB09006D3D0D /* PresentTransition.swift */,
				E105F48F1E52DB3B006D3D0D /* UINavigationController+PresentTransition.swift */,
			);
			name = PresentTransition;
			sourceTree = "<group>";
		};
		E11BFBA31E16016D00732980 /* Utility */ = {
			isa = PBXGroup;
			children = (
				E11BFBA41E16018B00732980 /* CustomerizedFont.swift */,
				E193B6631E5AE0640033D229 /* String+Attributes.swift */,
			);
			name = Utility;
			sourceTree = "<group>";
		};
		E11BFBA81E1661AB00732980 /* Mananger */ = {
			isa = PBXGroup;
			children = (
				E11BFBA91E1661BF00732980 /* ControllersManager.swift */,
				E11BFBAC1E1668DB00732980 /* GlobalManager.swift */,
			);
			name = Mananger;
			sourceTree = "<group>";
		};
		E11BFBAB1E1661E200732980 /* Other */ = {
			isa = PBXGroup;
			children = (
			);
			name = Other;
			sourceTree = "<group>";
		};
		E11BFBAE1E1B499600732980 /* Register */ = {
			isa = PBXGroup;
			children = (
				E1F977B61E49B200001864A3 /* Model */,
				E11BFBB21E1B591000732980 /* View */,
				E11BFBB11E1B58FF00732980 /* Controller */,
			);
			name = Register;
			sourceTree = "<group>";
		};
		E11BFBB11E1B58FF00732980 /* Controller */ = {
			isa = PBXGroup;
			children = (
				E11BFBAF1E1B49B800732980 /* RegisterController.swift */,
			);
			name = Controller;
			sourceTree = "<group>";
		};
		E11BFBB21E1B591000732980 /* View */ = {
			isa = PBXGroup;
			children = (
				E1C6A76E1E34919100EE405A /* RegisterView.swift */,
			);
			name = View;
			sourceTree = "<group>";
		};
		E11BFBB31E1B71E600732980 /* Root */ = {
			isa = PBXGroup;
			children = (
				E11BFBB41E1B71FE00732980 /* ProgectRootController.swift */,
			);
			name = Root;
			sourceTree = "<group>";
		};
		E11BFBB61E1B722300732980 /* Discover */ = {
			isa = PBXGroup;
			children = (
				E11BFBCB1E1B7F4C00732980 /* Controller */,
			);
			name = Discover;
			sourceTree = "<group>";
		};
		E11BFBB71E1B725E00732980 /* Mine */ = {
			isa = PBXGroup;
			children = (
				E11BFBC21E1B73C100732980 /* Withdraw */,
				E11BFBC11E1B73AB00732980 /* Recharge */,
				E11BFBC01E1B738500732980 /* Account */,
			);
			name = Mine;
			sourceTree = "<group>";
		};
		E11BFBB81E1B72A700732980 /* Invest */ = {
			isa = PBXGroup;
			children = (
				E11BFBBC1E1B735600732980 /* InvestmentDetail */,
				E11BFBBB1E1B734200732980 /* InvestmentRoot */,
			);
			name = Invest;
			sourceTree = "<group>";
		};
		E11BFBB91E1B730D00732980 /* Controller */ = {
			isa = PBXGroup;
			children = (
				E11BFBC91E1B745500732980 /* InvestmentRootController.swift */,
			);
			name = Controller;
			sourceTree = "<group>";
		};
		E11BFBBA1E1B731A00732980 /* View */ = {
			isa = PBXGroup;
			children = (
				E17BD5F41E53FEF700275E7D /* ProductListCell.swift */,
				E17BD5F61E53FF6D00275E7D /* BaseProductListCell.swift */,
				E17BD6071E54739700275E7D /* BarProgressView.swift */,
			);
			name = View;
			sourceTree = "<group>";
		};
		E11BFBBB1E1B734200732980 /* InvestmentRoot */ = {
			isa = PBXGroup;
			children = (
				E17BD6091E55818E00275E7D /* Model */,
				E11BFBBA1E1B731A00732980 /* View */,
				E11BFBB91E1B730D00732980 /* Controller */,
			);
			name = InvestmentRoot;
			sourceTree = "<group>";
		};
		E11BFBBC1E1B735600732980 /* InvestmentDetail */ = {
			isa = PBXGroup;
			children = (
				E17BD60A1E5581A100275E7D /* Model */,
				E11BFBBE1E1B736600732980 /* Controller */,
				E11BFBBD1E1B736100732980 /* View */,
			);
			name = InvestmentDetail;
			sourceTree = "<group>";
		};
		E11BFBBD1E1B736100732980 /* View */ = {
			isa = PBXGroup;
			children = (
			);
			name = View;
			sourceTree = "<group>";
		};
		E11BFBBE1E1B736600732980 /* Controller */ = {
			isa = PBXGroup;
			children = (
			);
			name = Controller;
			sourceTree = "<group>";
		};
		E11BFBBF1E1B737100732980 /* Controller */ = {
			isa = PBXGroup;
			children = (
				E101F2181E14B96D0049A513 /* HomeRootController.swift */,
			);
			name = Controller;
			sourceTree = "<group>";
		};
		E11BFBC01E1B738500732980 /* Account */ = {
			isa = PBXGroup;
			children = (
				E11BFBC61E1B73E900732980 /* View */,
				E11BFBC51E1B73E000732980 /* Controller */,
			);
			name = Account;
			sourceTree = "<group>";
		};
		E11BFBC11E1B73AB00732980 /* Recharge */ = {
			isa = PBXGroup;
			children = (
			);
			name = Recharge;
			sourceTree = "<group>";
		};
		E11BFBC21E1B73C100732980 /* Withdraw */ = {
			isa = PBXGroup;
			children = (
			);
			name = Withdraw;
			sourceTree = "<group>";
		};
		E11BFBC51E1B73E000732980 /* Controller */ = {
			isa = PBXGroup;
			children = (
				E11BFBC31E1B73DB00732980 /* AccountRootController.swift */,
			);
			name = Controller;
			sourceTree = "<group>";
		};
		E11BFBC61E1B73E900732980 /* View */ = {
			isa = PBXGroup;
			children = (
			);
			name = View;
			sourceTree = "<group>";
		};
		E11BFBCB1E1B7F4C00732980 /* Controller */ = {
			isa = PBXGroup;
			children = (
				E11BFBC71E1B743B00732980 /* DiscoverRootController.swift */,
			);
			name = Controller;
			sourceTree = "<group>";
		};
		E17BD5F31E53FDC000275E7D /* View */ = {
			isa = PBXGroup;
			children = (
				E193B6871E5C34000033D229 /* Banner */,
				E193B6831E5C33220033D229 /* Task */,
				E17BD61B1E5AA06D00275E7D /* Dock */,
				E17BD6161E5A95C200275E7D /* Header */,
				E17BD6111E5A959500275E7D /* Crowdfunding */,
				E17BD6101E5A958900275E7D /* Cooperation */,
				E17BD60D1E56FE4500275E7D /* Loan */,
			);
			name = View;
			sourceTree = "<group>";
		};
		E17BD6021E54255C00275E7D /* AccountInfo */ = {
			isa = PBXGroup;
			children = (
				E17BD6001E5423BD00275E7D /* AccountInfoModel.swift */,
			);
			name = AccountInfo;
			sourceTree = "<group>";
		};
		E17BD6031E54257700275E7D /* UserInfo */ = {
			isa = PBXGroup;
			children = (
				E17BD5FE1E5423B000275E7D /* UserInfoModel.swift */,
			);
			name = UserInfo;
			sourceTree = "<group>";
		};
		E17BD6091E55818E00275E7D /* Model */ = {
			isa = PBXGroup;
			children = (
				E17BD6051E543A8F00275E7D /* ProductListModel.swift */,
			);
			name = Model;
			sourceTree = "<group>";
		};
		E17BD60A1E5581A100275E7D /* Model */ = {
			isa = PBXGroup;
			children = (
				E17BD5FA1E5403ED00275E7D /* ProductModel.swift */,
			);
			name = Model;
			sourceTree = "<group>";
		};
		E17BD60D1E56FE4500275E7D /* Loan */ = {
			isa = PBXGroup;
			children = (
				E17BD60E1E56FE6200275E7D /* HomeLoanCell.swift */,
			);
			name = Loan;
			sourceTree = "<group>";
		};
		E17BD6101E5A958900275E7D /* Cooperation */ = {
			isa = PBXGroup;
			children = (
				E17BD6141E5A95B800275E7D /* CooperationCell.swift */,
			);
			name = Cooperation;
			sourceTree = "<group>";
		};
		E17BD6111E5A959500275E7D /* Crowdfunding */ = {
			isa = PBXGroup;
			children = (
				E17BD6121E5A95A700275E7D /* CrowdfundingCell.swift */,
			);
			name = Crowdfunding;
			sourceTree = "<group>";
		};
		E17BD6161E5A95C200275E7D /* Header */ = {
			isa = PBXGroup;
			children = (
				E17BD6171E5A95F600275E7D /* HomeHeaderView.swift */,
				E17BD6191E5A960500275E7D /* HomeSectionHeaderView.swift */,
			);
			name = Header;
			sourceTree = "<group>";
		};
		E17BD61B1E5AA06D00275E7D /* Dock */ = {
			isa = PBXGroup;
			children = (
				E17BD61C1E5AA08200275E7D /* ActionBar.swift */,
				E17BD61E1E5AA09500275E7D /* ActionItem.swift */,
			);
			name = Dock;
			sourceTree = "<group>";
		};
		E193B6831E5C33220033D229 /* Task */ = {
			isa = PBXGroup;
			children = (
				E193B6931E5C40230033D229 /* HomeDivisionCell.swift */,
			);
			name = Task;
			sourceTree = "<group>";
		};
		E193B6871E5C34000033D229 /* Banner */ = {
			isa = PBXGroup;
			children = (
				E193B6911E5C40100033D229 /* HomeBannerCell.swift */,
			);
			name = Banner;
			sourceTree = "<group>";
		};
		E193B68B1E5C3F3F0033D229 /* Model */ = {
			isa = PBXGroup;
			children = (
				E193B68E1E5C3F610033D229 /* CrowdfundingModel */,
				E193B68D1E5C3F510033D229 /* CooperationModel */,
				E193B68C1E5C3F470033D229 /* BannerModel */,
			);
			name = Model;
			sourceTree = "<group>";
		};
		E193B68C1E5C3F470033D229 /* BannerModel */ = {
			isa = PBXGroup;
			children = (
			);
			name = BannerModel;
			sourceTree = "<group>";
		};
		E193B68D1E5C3F510033D229 /* CooperationModel */ = {
			isa = PBXGroup;
			children = (
				E193B68F1E5C3FE60033D229 /* CooperationModel.swift */,
			);
			name = CooperationModel;
			sourceTree = "<group>";
		};
		E193B68E1E5C3F610033D229 /* CrowdfundingModel */ = {
			isa = PBXGroup;
			children = (
			);
			name = CrowdfundingModel;
			sourceTree = "<group>";
		};
		E1C6A73C1E2C9E7E00EE405A /* Tool */ = {
			isa = PBXGroup;
			children = (
				E1C6A7571E2E0B7500EE405A /* Network */,
			);
			name = Tool;
			sourceTree = "<group>";
		};
		E1C6A73F1E2C9EC200EE405A /* Base */ = {
			isa = PBXGroup;
			children = (
				E1C6A7401E2C9ECE00EE405A /* View */,
			);
			name = Base;
			sourceTree = "<group>";
		};
		E1C6A7401E2C9ECE00EE405A /* View */ = {
			isa = PBXGroup;
			children = (
				E1836C681E2334EB00FBB249 /* CaptchaView.swift */,
				E1836C661E2334D900FBB249 /* PasswordView.swift */,
				E105F4841E4C2165006D3D0D /* AgreeView.swift */,
			);
			name = View;
			sourceTree = "<group>";
		};
		E1C6A7571E2E0B7500EE405A /* Network */ = {
			isa = PBXGroup;
			children = (
				E1C6A73D1E2C9EA400EE405A /* NetAPIManager.swift */,
				E1C6A75A1E2E0BBA00EE405A /* APIUrlConstants.swift */,
			);
			name = Network;
			sourceTree = "<group>";
		};
		E1C6A7741E35E62800EE405A /* Model */ = {
			isa = PBXGroup;
			children = (
				E1C6A7751E35E63900EE405A /* LoginModel.swift */,
			);
			name = Model;
			sourceTree = "<group>";
		};
		E1F977B61E49B200001864A3 /* Model */ = {
			isa = PBXGroup;
			children = (
				E1F977B71E49B212001864A3 /* RegisterModel.swift */,
			);
			name = Model;
			sourceTree = "<group>";
		};
/* End PBXGroup section */

/* Begin PBXNativeTarget section */
		E101F1CC1E111ABC0049A513 /* LingTouNiaoSwift */ = {
			isa = PBXNativeTarget;
			buildConfigurationList = E101F1F51E111ABC0049A513 /* Build configuration list for PBXNativeTarget "LingTouNiaoSwift" */;
			buildPhases = (
				256F2A1F8A895C5CF4642226 /* [CP] Check Pods Manifest.lock */,
				E101F1C91E111ABC0049A513 /* Sources */,
				E101F1CA1E111ABC0049A513 /* Frameworks */,
				E101F1CB1E111ABC0049A513 /* Resources */,
				97F67CC8FD80EC8F9D95EA2D /* [CP] Embed Pods Frameworks */,
				0B1336CACD72043FB2C1641F /* [CP] Copy Pods Resources */,
			);
			buildRules = (
			);
			dependencies = (
			);
			name = LingTouNiaoSwift;
			productName = LingTouNiaoSwift;
			productReference = E101F1CD1E111ABC0049A513 /* LingTouNiaoSwift.app */;
			productType = "com.apple.product-type.application";
		};
		E101F1E01E111ABC0049A513 /* LingTouNiaoSwiftTests */ = {
			isa = PBXNativeTarget;
			buildConfigurationList = E101F1F81E111ABC0049A513 /* Build configuration list for PBXNativeTarget "LingTouNiaoSwiftTests" */;
			buildPhases = (
				E101F1DD1E111ABC0049A513 /* Sources */,
				E101F1DE1E111ABC0049A513 /* Frameworks */,
				E101F1DF1E111ABC0049A513 /* Resources */,
			);
			buildRules = (
			);
			dependencies = (
				E101F1E31E111ABC0049A513 /* PBXTargetDependency */,
			);
			name = LingTouNiaoSwiftTests;
			productName = LingTouNiaoSwiftTests;
			productReference = E101F1E11E111ABC0049A513 /* LingTouNiaoSwiftTests.xctest */;
			productType = "com.apple.product-type.bundle.unit-test";
		};
		E101F1EB1E111ABC0049A513 /* LingTouNiaoSwiftUITests */ = {
			isa = PBXNativeTarget;
			buildConfigurationList = E101F1FB1E111ABC0049A513 /* Build configuration list for PBXNativeTarget "LingTouNiaoSwiftUITests" */;
			buildPhases = (
				E101F1E81E111ABC0049A513 /* Sources */,
				E101F1E91E111ABC0049A513 /* Frameworks */,
				E101F1EA1E111ABC0049A513 /* Resources */,
			);
			buildRules = (
			);
			dependencies = (
				E101F1EE1E111ABC0049A513 /* PBXTargetDependency */,
			);
			name = LingTouNiaoSwiftUITests;
			productName = LingTouNiaoSwiftUITests;
			productReference = E101F1EC1E111ABC0049A513 /* LingTouNiaoSwiftUITests.xctest */;
			productType = "com.apple.product-type.bundle.ui-testing";
		};
/* End PBXNativeTarget section */

/* Begin PBXProject section */
		E101F1C51E111ABC0049A513 /* Project object */ = {
			isa = PBXProject;
			attributes = {
				LastSwiftUpdateCheck = 0820;
				LastUpgradeCheck = 0820;
				ORGANIZATIONNAME = LiuJie;
				TargetAttributes = {
					E101F1CC1E111ABC0049A513 = {
						CreatedOnToolsVersion = 8.2;
						DevelopmentTeam = XPECRFUB94;
						ProvisioningStyle = Automatic;
					};
					E101F1E01E111ABC0049A513 = {
						CreatedOnToolsVersion = 8.2;
						DevelopmentTeam = XPECRFUB94;
						ProvisioningStyle = Automatic;
						TestTargetID = E101F1CC1E111ABC0049A513;
					};
					E101F1EB1E111ABC0049A513 = {
						CreatedOnToolsVersion = 8.2;
						DevelopmentTeam = XPECRFUB94;
						ProvisioningStyle = Automatic;
						TestTargetID = E101F1CC1E111ABC0049A513;
					};
				};
			};
			buildConfigurationList = E101F1C81E111ABC0049A513 /* Build configuration list for PBXProject "LingTouNiaoSwift" */;
			compatibilityVersion = "Xcode 3.2";
			developmentRegion = English;
			hasScannedForEncodings = 0;
			knownRegions = (
				en,
				Base,
			);
			mainGroup = E101F1C41E111ABC0049A513;
			productRefGroup = E101F1CE1E111ABC0049A513 /* Products */;
			projectDirPath = "";
			projectRoot = "";
			targets = (
				E101F1CC1E111ABC0049A513 /* LingTouNiaoSwift */,
				E101F1E01E111ABC0049A513 /* LingTouNiaoSwiftTests */,
				E101F1EB1E111ABC0049A513 /* LingTouNiaoSwiftUITests */,
			);
		};
/* End PBXProject section */

/* Begin PBXResourcesBuildPhase section */
		E101F1CB1E111ABC0049A513 /* Resources */ = {
			isa = PBXResourcesBuildPhase;
			buildActionMask = 2147483647;
			files = (
				E101F1D81E111ABC0049A513 /* Assets.xcassets in Resources */,
			);
			runOnlyForDeploymentPostprocessing = 0;
		};
		E101F1DF1E111ABC0049A513 /* Resources */ = {
			isa = PBXResourcesBuildPhase;
			buildActionMask = 2147483647;
			files = (
			);
			runOnlyForDeploymentPostprocessing = 0;
		};
		E101F1EA1E111ABC0049A513 /* Resources */ = {
			isa = PBXResourcesBuildPhase;
			buildActionMask = 2147483647;
			files = (
			);
			runOnlyForDeploymentPostprocessing = 0;
		};
/* End PBXResourcesBuildPhase section */

/* Begin PBXShellScriptBuildPhase section */
		0B1336CACD72043FB2C1641F /* [CP] Copy Pods Resources */ = {
			isa = PBXShellScriptBuildPhase;
			buildActionMask = 2147483647;
			files = (
			);
			inputPaths = (
			);
			name = "[CP] Copy Pods Resources";
			outputPaths = (
			);
			runOnlyForDeploymentPostprocessing = 0;
			shellPath = /bin/sh;
			shellScript = "\"${SRCROOT}/Pods/Target Support Files/Pods-LingTouNiaoSwift/Pods-LingTouNiaoSwift-resources.sh\"\n";
			showEnvVarsInLog = 0;
		};
		256F2A1F8A895C5CF4642226 /* [CP] Check Pods Manifest.lock */ = {
			isa = PBXShellScriptBuildPhase;
			buildActionMask = 2147483647;
			files = (
			);
			inputPaths = (
			);
			name = "[CP] Check Pods Manifest.lock";
			outputPaths = (
			);
			runOnlyForDeploymentPostprocessing = 0;
			shellPath = /bin/sh;
			shellScript = "diff \"${PODS_ROOT}/../Podfile.lock\" \"${PODS_ROOT}/Manifest.lock\" > /dev/null\nif [ $? != 0 ] ; then\n    # print error to STDERR\n    echo \"error: The sandbox is not in sync with the Podfile.lock. Run 'pod install' or update your CocoaPods installation.\" >&2\n    exit 1\nfi\n";
			showEnvVarsInLog = 0;
		};
		97F67CC8FD80EC8F9D95EA2D /* [CP] Embed Pods Frameworks */ = {
			isa = PBXShellScriptBuildPhase;
			buildActionMask = 2147483647;
			files = (
			);
			inputPaths = (
			);
			name = "[CP] Embed Pods Frameworks";
			outputPaths = (
			);
			runOnlyForDeploymentPostprocessing = 0;
			shellPath = /bin/sh;
			shellScript = "\"${SRCROOT}/Pods/Target Support Files/Pods-LingTouNiaoSwift/Pods-LingTouNiaoSwift-frameworks.sh\"\n";
			showEnvVarsInLog = 0;
		};
/* End PBXShellScriptBuildPhase section */

/* Begin PBXSourcesBuildPhase section */
		E101F1C91E111ABC0049A513 /* Sources */ = {
			isa = PBXSourcesBuildPhase;
			buildActionMask = 2147483647;
			files = (
				E1836C671E2334D900FBB249 /* PasswordView.swift in Sources */,
				E101F2111E14B1710049A513 /* UIBarButtonItem+ClearBackground.swift in Sources */,
				E1C6A76F1E34919100EE405A /* RegisterView.swift in Sources */,
				E17BD6011E5423BD00275E7D /* AccountInfoModel.swift in Sources */,
				E1C6A75F1E2E25B800EE405A /* NSObject+Common.swift in Sources */,
				E193B6901E5C3FE60033D229 /* CooperationModel.swift in Sources */,
				E11BFBAD1E1668DB00732980 /* GlobalManager.swift in Sources */,
				E193B6941E5C40230033D229 /* HomeDivisionCell.swift in Sources */,
				E11BFBCA1E1B745500732980 /* InvestmentRootController.swift in Sources */,
				E17BD5FB1E5403ED00275E7D /* ProductModel.swift in Sources */,
				E17BD61F1E5AA09500275E7D /* ActionItem.swift in Sources */,
				E17BD5F71E53FF6D00275E7D /* BaseProductListCell.swift in Sources */,
				E1836C6D1E23844400FBB249 /* CustomButton.swift in Sources */,
				E17BD5FF1E5423B000275E7D /* UserInfoModel.swift in Sources */,
				E105F4851E4C2165006D3D0D /* AgreeView.swift in Sources */,
				E193B6921E5C40100033D229 /* HomeBannerCell.swift in Sources */,
				E17BD61D1E5AA08200275E7D /* ActionBar.swift in Sources */,
				E101F2221E14C2740049A513 /* CustomTextField.swift in Sources */,
				E101F20D1E127AC30049A513 /* UIImage+Common.swift in Sources */,
				E17BD60F1E56FE6200275E7D /* HomeLoanCell.swift in Sources */,
				E17BD6181E5A95F600275E7D /* HomeHeaderView.swift in Sources */,
				E11BFBA71E162DAE00732980 /* UIView+Frame.swift in Sources */,
				E193B6641E5AE0640033D229 /* String+Attributes.swift in Sources */,
				E101F1D11E111ABC0049A513 /* AppDelegate.swift in Sources */,
				E105F48E1E52DB09006D3D0D /* PresentTransition.swift in Sources */,
				E101F1FF1E120EEA0049A513 /* BaseViewController.swift in Sources */,
				E1C6A75B1E2E0BBA00EE405A /* APIUrlConstants.swift in Sources */,
				E1C6A7711E349D1100EE405A /* String+Check.swift in Sources */,
				E101F2191E14B96D0049A513 /* HomeRootController.swift in Sources */,
				E1836C691E2334EB00FBB249 /* CaptchaView.swift in Sources */,
				E1C6A7561E2DFC1000EE405A /* Contrstants.swift in Sources */,
				E11BFBC81E1B743B00732980 /* DiscoverRootController.swift in Sources */,
				E17BD6131E5A95A700275E7D /* CrowdfundingCell.swift in Sources */,
				E101F20F1E138C6D0049A513 /* GlobalSize.swift in Sources */,
				E101F2051E120FEE0049A513 /* GlobalAppearance.swift in Sources */,
				E101F20B1E12163C0049A513 /* UIColor+HexColor.swift in Sources */,
				E17BD60C1E558E9900275E7D /* BaseDto.swift in Sources */,
				E11BFBB51E1B71FE00732980 /* ProgectRootController.swift in Sources */,
				E101F2011E120F310049A513 /* BaseNavigationController.swift in Sources */,
				E1C6A73E1E2C9EA400EE405A /* NetAPIManager.swift in Sources */,
				E1C6A7761E35E63900EE405A /* LoginModel.swift in Sources */,
				E105F4901E52DB3B006D3D0D /* UINavigationController+PresentTransition.swift in Sources */,
				E147B02F1E1CC7B100CCB8BB /* LoginView.swift in Sources */,
				E17BD5F91E5403D400275E7D /* BaseModel.swift in Sources */,
				E17BD5FD1E54236A00275E7D /* UserModel.swift in Sources */,
				E17BD5F51E53FEF700275E7D /* ProductListCell.swift in Sources */,
				E11BFBB01E1B49B800732980 /* RegisterController.swift in Sources */,
				E17BD6081E54739700275E7D /* BarProgressView.swift in Sources */,
				E17BD6061E543A8F00275E7D /* ProductListModel.swift in Sources */,
				E1C6A75D1E2E100400EE405A /* String+Common.swift in Sources */,
				E11BFBAA1E1661BF00732980 /* ControllersManager.swift in Sources */,
				E11BFBC41E1B73DB00732980 /* AccountRootController.swift in Sources */,
				E17BD61A1E5A960500275E7D /* HomeSectionHeaderView.swift in Sources */,
				E1F977B81E49B212001864A3 /* RegisterModel.swift in Sources */,
				E11BFBA51E16018B00732980 /* CustomerizedFont.swift in Sources */,
				E17BD6151E5A95B800275E7D /* CooperationCell.swift in Sources */,
				E1836C6B1E23757C00FBB249 /* UIButton+Common.swift in Sources */,
				E105F4891E51AE14006D3D0D /* CurrentUser.swift in Sources */,
				E101F21D1E14BEC60049A513 /* LoginController.swift in Sources */,
				E105F48B1E52AC29006D3D0D /* UINavigationController+FinishBlock.swift in Sources */,
			);
			runOnlyForDeploymentPostprocessing = 0;
		};
		E101F1DD1E111ABC0049A513 /* Sources */ = {
			isa = PBXSourcesBuildPhase;
			buildActionMask = 2147483647;
			files = (
				E101F1E61E111ABC0049A513 /* LingTouNiaoSwiftTests.swift in Sources */,
			);
			runOnlyForDeploymentPostprocessing = 0;
		};
		E101F1E81E111ABC0049A513 /* Sources */ = {
			isa = PBXSourcesBuildPhase;
			buildActionMask = 2147483647;
			files = (
				E101F1F11E111ABC0049A513 /* LingTouNiaoSwiftUITests.swift in Sources */,
			);
			runOnlyForDeploymentPostprocessing = 0;
		};
/* End PBXSourcesBuildPhase section */

/* Begin PBXTargetDependency section */
		E101F1E31E111ABC0049A513 /* PBXTargetDependency */ = {
			isa = PBXTargetDependency;
			target = E101F1CC1E111ABC0049A513 /* LingTouNiaoSwift */;
			targetProxy = E101F1E21E111ABC0049A513 /* PBXContainerItemProxy */;
		};
		E101F1EE1E111ABC0049A513 /* PBXTargetDependency */ = {
			isa = PBXTargetDependency;
			target = E101F1CC1E111ABC0049A513 /* LingTouNiaoSwift */;
			targetProxy = E101F1ED1E111ABC0049A513 /* PBXContainerItemProxy */;
		};
/* End PBXTargetDependency section */

/* Begin XCBuildConfiguration section */
		E101F1F31E111ABC0049A513 /* Debug */ = {
			isa = XCBuildConfiguration;
			buildSettings = {
				ALWAYS_SEARCH_USER_PATHS = NO;
				CLANG_ANALYZER_NONNULL = YES;
				CLANG_CXX_LANGUAGE_STANDARD = "gnu++0x";
				CLANG_CXX_LIBRARY = "libc++";
				CLANG_ENABLE_MODULES = YES;
				CLANG_ENABLE_OBJC_ARC = YES;
				CLANG_WARN_BOOL_CONVERSION = YES;
				CLANG_WARN_CONSTANT_CONVERSION = YES;
				CLANG_WARN_DIRECT_OBJC_ISA_USAGE = YES_ERROR;
				CLANG_WARN_DOCUMENTATION_COMMENTS = YES;
				CLANG_WARN_EMPTY_BODY = YES;
				CLANG_WARN_ENUM_CONVERSION = YES;
				CLANG_WARN_INFINITE_RECURSION = YES;
				CLANG_WARN_INT_CONVERSION = YES;
				CLANG_WARN_OBJC_ROOT_CLASS = YES_ERROR;
				CLANG_WARN_SUSPICIOUS_MOVE = YES;
				CLANG_WARN_UNREACHABLE_CODE = YES;
				CLANG_WARN__DUPLICATE_METHOD_MATCH = YES;
				"CODE_SIGN_IDENTITY[sdk=iphoneos*]" = "iPhone Developer";
				COPY_PHASE_STRIP = NO;
				DEBUG_INFORMATION_FORMAT = dwarf;
				ENABLE_STRICT_OBJC_MSGSEND = YES;
				ENABLE_TESTABILITY = YES;
				GCC_C_LANGUAGE_STANDARD = gnu99;
				GCC_DYNAMIC_NO_PIC = NO;
				GCC_NO_COMMON_BLOCKS = YES;
				GCC_OPTIMIZATION_LEVEL = 0;
				GCC_PREPROCESSOR_DEFINITIONS = (
					"DEBUG=1",
					"$(inherited)",
				);
				GCC_WARN_64_TO_32_BIT_CONVERSION = YES;
				GCC_WARN_ABOUT_RETURN_TYPE = YES_ERROR;
				GCC_WARN_UNDECLARED_SELECTOR = YES;
				GCC_WARN_UNINITIALIZED_AUTOS = YES_AGGRESSIVE;
				GCC_WARN_UNUSED_FUNCTION = YES;
				GCC_WARN_UNUSED_VARIABLE = YES;
				IPHONEOS_DEPLOYMENT_TARGET = 10.2;
				MTL_ENABLE_DEBUG_INFO = YES;
				ONLY_ACTIVE_ARCH = YES;
				SDKROOT = iphoneos;
				SWIFT_ACTIVE_COMPILATION_CONDITIONS = DEBUG;
				SWIFT_OPTIMIZATION_LEVEL = "-Onone";
			};
			name = Debug;
		};
		E101F1F41E111ABC0049A513 /* Release */ = {
			isa = XCBuildConfiguration;
			buildSettings = {
				ALWAYS_SEARCH_USER_PATHS = NO;
				CLANG_ANALYZER_NONNULL = YES;
				CLANG_CXX_LANGUAGE_STANDARD = "gnu++0x";
				CLANG_CXX_LIBRARY = "libc++";
				CLANG_ENABLE_MODULES = YES;
				CLANG_ENABLE_OBJC_ARC = YES;
				CLANG_WARN_BOOL_CONVERSION = YES;
				CLANG_WARN_CONSTANT_CONVERSION = YES;
				CLANG_WARN_DIRECT_OBJC_ISA_USAGE = YES_ERROR;
				CLANG_WARN_DOCUMENTATION_COMMENTS = YES;
				CLANG_WARN_EMPTY_BODY = YES;
				CLANG_WARN_ENUM_CONVERSION = YES;
				CLANG_WARN_INFINITE_RECURSION = YES;
				CLANG_WARN_INT_CONVERSION = YES;
				CLANG_WARN_OBJC_ROOT_CLASS = YES_ERROR;
				CLANG_WARN_SUSPICIOUS_MOVE = YES;
				CLANG_WARN_UNREACHABLE_CODE = YES;
				CLANG_WARN__DUPLICATE_METHOD_MATCH = YES;
				"CODE_SIGN_IDENTITY[sdk=iphoneos*]" = "iPhone Developer";
				COPY_PHASE_STRIP = NO;
				DEBUG_INFORMATION_FORMAT = "dwarf-with-dsym";
				ENABLE_NS_ASSERTIONS = NO;
				ENABLE_STRICT_OBJC_MSGSEND = YES;
				GCC_C_LANGUAGE_STANDARD = gnu99;
				GCC_NO_COMMON_BLOCKS = YES;
				GCC_WARN_64_TO_32_BIT_CONVERSION = YES;
				GCC_WARN_ABOUT_RETURN_TYPE = YES_ERROR;
				GCC_WARN_UNDECLARED_SELECTOR = YES;
				GCC_WARN_UNINITIALIZED_AUTOS = YES_AGGRESSIVE;
				GCC_WARN_UNUSED_FUNCTION = YES;
				GCC_WARN_UNUSED_VARIABLE = YES;
				IPHONEOS_DEPLOYMENT_TARGET = 10.2;
				MTL_ENABLE_DEBUG_INFO = NO;
				SDKROOT = iphoneos;
				SWIFT_OPTIMIZATION_LEVEL = "-Owholemodule";
				VALIDATE_PRODUCT = YES;
			};
			name = Release;
		};
		E101F1F61E111ABC0049A513 /* Debug */ = {
			isa = XCBuildConfiguration;
			baseConfigurationReference = 5ACBD28F368E908037859D7A /* Pods-LingTouNiaoSwift.debug.xcconfig */;
			buildSettings = {
				ASSETCATALOG_COMPILER_APPICON_NAME = AppIcon;
				CODE_SIGN_IDENTITY = "iPhone Developer";
				DEVELOPMENT_TEAM = XPECRFUB94;
				INFOPLIST_FILE = LingTouNiaoSwift/Info.plist;
				IPHONEOS_DEPLOYMENT_TARGET = 8.0;
				LD_RUNPATH_SEARCH_PATHS = "$(inherited) @executable_path/Frameworks";
				PRODUCT_BUNDLE_IDENTIFIER = com.lingtouniao.licai.test;
				PRODUCT_NAME = "$(TARGET_NAME)";
				SWIFT_OBJC_BRIDGING_HEADER = "$(SRCROOT)/$(PROJECT_NAME)/$(PROJECT_NAME)-Bridging-Header.h";
				SWIFT_VERSION = 3.0;
			};
			name = Debug;
		};
		E101F1F71E111ABC0049A513 /* Release */ = {
			isa = XCBuildConfiguration;
			baseConfigurationReference = 2212BC831452389BAE2191E1 /* Pods-LingTouNiaoSwift.release.xcconfig */;
			buildSettings = {
				ASSETCATALOG_COMPILER_APPICON_NAME = AppIcon;
				CODE_SIGN_IDENTITY = "iPhone Developer";
				DEVELOPMENT_TEAM = XPECRFUB94;
				INFOPLIST_FILE = LingTouNiaoSwift/Info.plist;
				IPHONEOS_DEPLOYMENT_TARGET = 8.0;
				LD_RUNPATH_SEARCH_PATHS = "$(inherited) @executable_path/Frameworks";
				PRODUCT_BUNDLE_IDENTIFIER = com.lingtouniao.licai.test;
				PRODUCT_NAME = "$(TARGET_NAME)";
				SWIFT_OBJC_BRIDGING_HEADER = "$(SRCROOT)/$(PROJECT_NAME)/$(PROJECT_NAME)-Bridging-Header.h";
				SWIFT_VERSION = 3.0;
			};
			name = Release;
		};
		E101F1F91E111ABC0049A513 /* Debug */ = {
			isa = XCBuildConfiguration;
			buildSettings = {
				ALWAYS_EMBED_SWIFT_STANDARD_LIBRARIES = YES;
				BUNDLE_LOADER = "$(TEST_HOST)";
				DEVELOPMENT_TEAM = XPECRFUB94;
				INFOPLIST_FILE = LingTouNiaoSwiftTests/Info.plist;
				LD_RUNPATH_SEARCH_PATHS = "$(inherited) @executable_path/Frameworks @loader_path/Frameworks";
				PRODUCT_BUNDLE_IDENTIFIER = com.devLiuJie.LingTouNiaoSwiftTests;
				PRODUCT_NAME = "$(TARGET_NAME)";
				SWIFT_VERSION = 3.0;
				TEST_HOST = "$(BUILT_PRODUCTS_DIR)/LingTouNiaoSwift.app/LingTouNiaoSwift";
			};
			name = Debug;
		};
		E101F1FA1E111ABC0049A513 /* Release */ = {
			isa = XCBuildConfiguration;
			buildSettings = {
				ALWAYS_EMBED_SWIFT_STANDARD_LIBRARIES = YES;
				BUNDLE_LOADER = "$(TEST_HOST)";
				DEVELOPMENT_TEAM = XPECRFUB94;
				INFOPLIST_FILE = LingTouNiaoSwiftTests/Info.plist;
				LD_RUNPATH_SEARCH_PATHS = "$(inherited) @executable_path/Frameworks @loader_path/Frameworks";
				PRODUCT_BUNDLE_IDENTIFIER = com.devLiuJie.LingTouNiaoSwiftTests;
				PRODUCT_NAME = "$(TARGET_NAME)";
				SWIFT_VERSION = 3.0;
				TEST_HOST = "$(BUILT_PRODUCTS_DIR)/LingTouNiaoSwift.app/LingTouNiaoSwift";
			};
			name = Release;
		};
		E101F1FC1E111ABC0049A513 /* Debug */ = {
			isa = XCBuildConfiguration;
			buildSettings = {
				ALWAYS_EMBED_SWIFT_STANDARD_LIBRARIES = YES;
				DEVELOPMENT_TEAM = XPECRFUB94;
				INFOPLIST_FILE = LingTouNiaoSwiftUITests/Info.plist;
				LD_RUNPATH_SEARCH_PATHS = "$(inherited) @executable_path/Frameworks @loader_path/Frameworks";
				PRODUCT_BUNDLE_IDENTIFIER = com.devLiuJie.LingTouNiaoSwiftUITests;
				PRODUCT_NAME = "$(TARGET_NAME)";
				SWIFT_VERSION = 3.0;
				TEST_TARGET_NAME = LingTouNiaoSwift;
			};
			name = Debug;
		};
		E101F1FD1E111ABC0049A513 /* Release */ = {
			isa = XCBuildConfiguration;
			buildSettings = {
				ALWAYS_EMBED_SWIFT_STANDARD_LIBRARIES = YES;
				DEVELOPMENT_TEAM = XPECRFUB94;
				INFOPLIST_FILE = LingTouNiaoSwiftUITests/Info.plist;
				LD_RUNPATH_SEARCH_PATHS = "$(inherited) @executable_path/Frameworks @loader_path/Frameworks";
				PRODUCT_BUNDLE_IDENTIFIER = com.devLiuJie.LingTouNiaoSwiftUITests;
				PRODUCT_NAME = "$(TARGET_NAME)";
				SWIFT_VERSION = 3.0;
				TEST_TARGET_NAME = LingTouNiaoSwift;
			};
			name = Release;
		};
/* End XCBuildConfiguration section */

/* Begin XCConfigurationList section */
		E101F1C81E111ABC0049A513 /* Build configuration list for PBXProject "LingTouNiaoSwift" */ = {
			isa = XCConfigurationList;
			buildConfigurations = (
				E101F1F31E111ABC0049A513 /* Debug */,
				E101F1F41E111ABC0049A513 /* Release */,
			);
			defaultConfigurationIsVisible = 0;
			defaultConfigurationName = Release;
		};
		E101F1F51E111ABC0049A513 /* Build configuration list for PBXNativeTarget "LingTouNiaoSwift" */ = {
			isa = XCConfigurationList;
			buildConfigurations = (
				E101F1F61E111ABC0049A513 /* Debug */,
				E101F1F71E111ABC0049A513 /* Release */,
			);
			defaultConfigurationIsVisible = 0;
			defaultConfigurationName = Release;
		};
		E101F1F81E111ABC0049A513 /* Build configuration list for PBXNativeTarget "LingTouNiaoSwiftTests" */ = {
			isa = XCConfigurationList;
			buildConfigurations = (
				E101F1F91E111ABC0049A513 /* Debug */,
				E101F1FA1E111ABC0049A513 /* Release */,
			);
			defaultConfigurationIsVisible = 0;
			defaultConfigurationName = Release;
		};
		E101F1FB1E111ABC0049A513 /* Build configuration list for PBXNativeTarget "LingTouNiaoSwiftUITests" */ = {
			isa = XCConfigurationList;
			buildConfigurations = (
				E101F1FC1E111ABC0049A513 /* Debug */,
				E101F1FD1E111ABC0049A513 /* Release */,
			);
			defaultConfigurationIsVisible = 0;
			defaultConfigurationName = Release;
		};
/* End XCConfigurationList section */
	};
	rootObject = E101F1C51E111ABC0049A513 /* Project object */;
}
